<?xml version="1.0" encoding="utf-8"?>
<Project ToolsVersion="4.0" xmlns="http://schemas.microsoft.com/developer/msbuild/2003">
  <ItemGroup>
    <Filter Include="Header Files">
      <UniqueIdentifier>{fdb4a3f9-adcb-412a-a0c1-7e1a8d2ab706}</UniqueIdentifier>
    </Filter>
    <Filter Include="Shader Files">
      <UniqueIdentifier>{b2549855-b95a-4fde-be6a-725c5b07710c}</UniqueIdentifier>
    </Filter>
    <Filter Include="Shader Files\Original Shaders">
      <UniqueIdentifier>{4bfc2d46-2283-4cae-8fb2-5f8e766db967}</UniqueIdentifier>
    </Filter>
    <Filter Include="Source Files">
      <UniqueIdentifier>{20021140-9a35-4bf4-9e03-b4365027cae7}</UniqueIdentifier>
    </Filter>
    <Filter Include="Shader Files\BRDF &amp; Texture Shaders - Proj2">
      <UniqueIdentifier>{15be3c80-03ae-448d-9d92-5786fcc71b72}</UniqueIdentifier>
    </Filter>
  </ItemGroup>
  <ItemGroup>
    <ClCompile Include="framework.cpp">
      <Filter>Source Files</Filter>
    </ClCompile>
    <ClCompile Include="interact.cpp">
      <Filter>Source Files</Filter>
    </ClCompile>
    <ClCompile Include="object.cpp">
      <Filter>Source Files</Filter>
    </ClCompile>
    <ClCompile Include="scene.cpp">
      <Filter>Source Files</Filter>
    </ClCompile>
    <ClCompile Include="shader.cpp">
      <Filter>Source Files</Filter>
    </ClCompile>
    <ClCompile Include="shapes.cpp">
      <Filter>Source Files</Filter>
    </ClCompile>
    <ClCompile Include="simplexnoise.cpp">
      <Filter>Source Files</Filter>
    </ClCompile>
    <ClCompile Include="texture.cpp">
      <Filter>Source Files</Filter>
    </ClCompile>
    <ClCompile Include="transform.cpp">
      <Filter>Source Files</Filter>
    </ClCompile>
    <ClCompile Include="rply.c">
      <Filter>Source Files</Filter>
    </ClCompile>
  </ItemGroup>
  <ItemGroup>
    <ClInclude Include="framework.h">
      <Filter>Header Files</Filter>
    </ClInclude>
    <ClInclude Include="interact.h">
      <Filter>Header Files</Filter>
    </ClInclude>
    <ClInclude Include="object.h">
      <Filter>Header Files</Filter>
    </ClInclude>
    <ClInclude Include="rply.h">
      <Filter>Header Files</Filter>
    </ClInclude>
    <ClInclude Include="scene.h">
      <Filter>Header Files</Filter>
    </ClInclude>
    <ClInclude Include="shader.h">
      <Filter>Header Files</Filter>
    </ClInclude>
    <ClInclude Include="shapes.h">
      <Filter>Header Files</Filter>
    </ClInclude>
    <ClInclude Include="simplexnoise.h">
      <Filter>Header Files</Filter>
    </ClInclude>
    <ClInclude Include="texture.h">
      <Filter>Header Files</Filter>
    </ClInclude>
    <ClInclude Include="transform.h">
      <Filter>Header Files</Filter>
    </ClInclude>
  </ItemGroup>
  <ItemGroup>
    <None Include="lighting.frag">
      <Filter>Shader Files\Original Shaders</Filter>
    </None>
    <None Include="lighting.vert">
      <Filter>Shader Files\Original Shaders</Filter>
    </None>
    <None Include="lighting-BRDF&amp;Texture Proj2.frag">
      <Filter>Shader Files\BRDF &amp; Texture Shaders - Proj2</Filter>
    </None>
    <None Include="lighting-BRDF&amp;Texture Proj2.vert">
      <Filter>Shader Files\BRDF &amp; Texture Shaders - Proj2</Filter>
    </None>
  </ItemGroup>
</Project>